
Microsoft Visual Studio Solution File, Format Version 12.00
# Visual Studio 15
VisualStudioVersion = 15.0.28307.572
MinimumVisualStudioVersion = 10.0.40219.1
Project("{9A19103F-16F7-4668-BE54-9A1E7A4F7556}") = "ConsoleApp", "ConsoleApp\ConsoleApp.csproj", "{E8022A16-B005-45A1-9B0F-EA326CFD4810}"
EndProject
Project("{9A19103F-16F7-4668-BE54-9A1E7A4F7556}") = "Repsoitory", "Repsoitory\Repsoitory.csproj", "{823AD092-D9F1-4503-B352-C65B90611777}"
EndProject
Project("{9A19103F-16F7-4668-BE54-9A1E7A4F7556}") = "RepositoryContracts", "RepositoryContracts\RepositoryContracts.csproj", "{FBCA1861-BB80-41DF-8DC9-91AF3DA57BCC}"
EndProject
Project("{9A19103F-16F7-4668-BE54-9A1E7A4F7556}") = "DTO", "DTO\DTO.csproj", "{B6EBB2BD-5900-4BB3-8E6B-720CC6890F37}"
EndProject
Project("{9A19103F-16F7-4668-BE54-9A1E7A4F7556}") = "RepositoryTests", "RepositoryTests\RepositoryTests.csproj", "{0074665B-C990-4744-8719-D5F9756CC0AD}"
EndProject
Project("{9A19103F-16F7-4668-BE54-9A1E7A4F7556}") = "DummyRepository", "DummyRepository\DummyRepository.csproj", "{0FC110A2-E29A-4D10-9712-82D0BF2E9B42}"
EndProject
Project("{9A19103F-16F7-4668-BE54-9A1E7A4F7556}") = "Web", "Web\Web.csproj", "{21475A89-81A5-4D15-B49C-035D275F91EB}"
EndProject
Project("{9A19103F-16F7-4668-BE54-9A1E7A4F7556}") = "Logic", "Logic\Logic.csproj", "{D85A23DD-A62E-46A3-A958-8B70683DCA91}"
EndProject
Project("{9A19103F-16F7-4668-BE54-9A1E7A4F7556}") = "LogicContracts", "LogicContracts\LogicContracts.csproj", "{A3A4C0E1-E705-496C-9EE3-6A7940114890}"
EndProject
Project("{2150E333-8FDC-42A3-9474-1A3956D46DE8}") = "Data", "Data", "{96134D53-137F-4E8E-A36A-F48C8D5B36F7}"
EndProject
Project("{2150E333-8FDC-42A3-9474-1A3956D46DE8}") = "AppLogic", "AppLogic", "{A5E82C54-F9AE-44DF-9D47-A0460C598ED6}"
EndProject
Project("{9A19103F-16F7-4668-BE54-9A1E7A4F7556}") = "LogicTests", "LogicTests\LogicTests.csproj", "{4B65813F-B941-4228-831F-C67B41791337}"
EndProject
Global
	GlobalSection(SolutionConfigurationPlatforms) = preSolution
		Debug|Any CPU = Debug|Any CPU
		Release|Any CPU = Release|Any CPU
	EndGlobalSection
	GlobalSection(ProjectConfigurationPlatforms) = postSolution
		{E8022A16-B005-45A1-9B0F-EA326CFD4810}.Debug|Any CPU.ActiveCfg = Debug|Any CPU
		{E8022A16-B005-45A1-9B0F-EA326CFD4810}.Debug|Any CPU.Build.0 = Debug|Any CPU
		{E8022A16-B005-45A1-9B0F-EA326CFD4810}.Release|Any CPU.ActiveCfg = Release|Any CPU
		{E8022A16-B005-45A1-9B0F-EA326CFD4810}.Release|Any CPU.Build.0 = Release|Any CPU
		{823AD092-D9F1-4503-B352-C65B90611777}.Debug|Any CPU.ActiveCfg = Debug|Any CPU
		{823AD092-D9F1-4503-B352-C65B90611777}.Debug|Any CPU.Build.0 = Debug|Any CPU
		{823AD092-D9F1-4503-B352-C65B90611777}.Release|Any CPU.ActiveCfg = Release|Any CPU
		{823AD092-D9F1-4503-B352-C65B90611777}.Release|Any CPU.Build.0 = Release|Any CPU
		{FBCA1861-BB80-41DF-8DC9-91AF3DA57BCC}.Debug|Any CPU.ActiveCfg = Debug|Any CPU
		{FBCA1861-BB80-41DF-8DC9-91AF3DA57BCC}.Debug|Any CPU.Build.0 = Debug|Any CPU
		{FBCA1861-BB80-41DF-8DC9-91AF3DA57BCC}.Release|Any CPU.ActiveCfg = Release|Any CPU
		{FBCA1861-BB80-41DF-8DC9-91AF3DA57BCC}.Release|Any CPU.Build.0 = Release|Any CPU
		{B6EBB2BD-5900-4BB3-8E6B-720CC6890F37}.Debug|Any CPU.ActiveCfg = Debug|Any CPU
		{B6EBB2BD-5900-4BB3-8E6B-720CC6890F37}.Debug|Any CPU.Build.0 = Debug|Any CPU
		{B6EBB2BD-5900-4BB3-8E6B-720CC6890F37}.Release|Any CPU.ActiveCfg = Release|Any CPU
		{B6EBB2BD-5900-4BB3-8E6B-720CC6890F37}.Release|Any CPU.Build.0 = Release|Any CPU
		{0074665B-C990-4744-8719-D5F9756CC0AD}.Debug|Any CPU.ActiveCfg = Debug|Any CPU
		{0074665B-C990-4744-8719-D5F9756CC0AD}.Debug|Any CPU.Build.0 = Debug|Any CPU
		{0074665B-C990-4744-8719-D5F9756CC0AD}.Release|Any CPU.ActiveCfg = Release|Any CPU
		{0074665B-C990-4744-8719-D5F9756CC0AD}.Release|Any CPU.Build.0 = Release|Any CPU
		{0FC110A2-E29A-4D10-9712-82D0BF2E9B42}.Debug|Any CPU.ActiveCfg = Debug|Any CPU
		{0FC110A2-E29A-4D10-9712-82D0BF2E9B42}.Debug|Any CPU.Build.0 = Debug|Any CPU
		{0FC110A2-E29A-4D10-9712-82D0BF2E9B42}.Release|Any CPU.ActiveCfg = Release|Any CPU
		{0FC110A2-E29A-4D10-9712-82D0BF2E9B42}.Release|Any CPU.Build.0 = Release|Any CPU
		{21475A89-81A5-4D15-B49C-035D275F91EB}.Debug|Any CPU.ActiveCfg = Debug|Any CPU
		{21475A89-81A5-4D15-B49C-035D275F91EB}.Debug|Any CPU.Build.0 = Debug|Any CPU
		{21475A89-81A5-4D15-B49C-035D275F91EB}.Release|Any CPU.ActiveCfg = Release|Any CPU
		{21475A89-81A5-4D15-B49C-035D275F91EB}.Release|Any CPU.Build.0 = Release|Any CPU
		{D85A23DD-A62E-46A3-A958-8B70683DCA91}.Debug|Any CPU.ActiveCfg = Debug|Any CPU
		{D85A23DD-A62E-46A3-A958-8B70683DCA91}.Debug|Any CPU.Build.0 = Debug|Any CPU
		{D85A23DD-A62E-46A3-A958-8B70683DCA91}.Release|Any CPU.ActiveCfg = Release|Any CPU
		{D85A23DD-A62E-46A3-A958-8B70683DCA91}.Release|Any CPU.Build.0 = Release|Any CPU
		{A3A4C0E1-E705-496C-9EE3-6A7940114890}.Debug|Any CPU.ActiveCfg = Debug|Any CPU
		{A3A4C0E1-E705-496C-9EE3-6A7940114890}.Debug|Any CPU.Build.0 = Debug|Any CPU
		{A3A4C0E1-E705-496C-9EE3-6A7940114890}.Release|Any CPU.ActiveCfg = Release|Any CPU
		{A3A4C0E1-E705-496C-9EE3-6A7940114890}.Release|Any CPU.Build.0 = Release|Any CPU
		{4B65813F-B941-4228-831F-C67B41791337}.Debug|Any CPU.ActiveCfg = Debug|Any CPU
		{4B65813F-B941-4228-831F-C67B41791337}.Debug|Any CPU.Build.0 = Debug|Any CPU
		{4B65813F-B941-4228-831F-C67B41791337}.Release|Any CPU.ActiveCfg = Release|Any CPU
		{4B65813F-B941-4228-831F-C67B41791337}.Release|Any CPU.Build.0 = Release|Any CPU
	EndGlobalSection
	GlobalSection(SolutionProperties) = preSolution
		HideSolutionNode = FALSE
	EndGlobalSection
	GlobalSection(NestedProjects) = preSolution
		{823AD092-D9F1-4503-B352-C65B90611777} = {96134D53-137F-4E8E-A36A-F48C8D5B36F7}
		{FBCA1861-BB80-41DF-8DC9-91AF3DA57BCC} = {96134D53-137F-4E8E-A36A-F48C8D5B36F7}
		{0074665B-C990-4744-8719-D5F9756CC0AD} = {96134D53-137F-4E8E-A36A-F48C8D5B36F7}
		{0FC110A2-E29A-4D10-9712-82D0BF2E9B42} = {96134D53-137F-4E8E-A36A-F48C8D5B36F7}
		{D85A23DD-A62E-46A3-A958-8B70683DCA91} = {A5E82C54-F9AE-44DF-9D47-A0460C598ED6}
		{A3A4C0E1-E705-496C-9EE3-6A7940114890} = {A5E82C54-F9AE-44DF-9D47-A0460C598ED6}
		{4B65813F-B941-4228-831F-C67B41791337} = {A5E82C54-F9AE-44DF-9D47-A0460C598ED6}
	EndGlobalSection
	GlobalSection(ExtensibilityGlobals) = postSolution
		SolutionGuid = {656E01CD-8E61-420E-AA88-7FDF5EB9BBA8}
	EndGlobalSection
EndGlobal
